// !$*UTF8*$!
{
	archiveVersion = 1;
	classes = {
	};
	objectVersion = 48;
	objects = {

/* Begin PBXBuildFile section */
		DCFBA4ED206036D5007CE855 /* AppDelegate.swift in Sources */ = {isa = PBXBuildFile; fileRef = DCFBA4EC206036D5007CE855 /* AppDelegate.swift */; };
		DCFBA4F2206036D5007CE855 /* Main.storyboard in Resources */ = {isa = PBXBuildFile; fileRef = DCFBA4F0206036D5007CE855 /* Main.storyboard */; };
		DCFBA4F4206036D5007CE855 /* Assets.xcassets in Resources */ = {isa = PBXBuildFile; fileRef = DCFBA4F3206036D5007CE855 /* Assets.xcassets */; };
		DCFBA4F7206036D5007CE855 /* LaunchScreen.storyboard in Resources */ = {isa = PBXBuildFile; fileRef = DCFBA4F5206036D5007CE855 /* LaunchScreen.storyboard */; };
		DCFBA5052060378E007CE855 /* MainVC.swift in Sources */ = {isa = PBXBuildFile; fileRef = DCFBA5042060378E007CE855 /* MainVC.swift */; };
		DCFBA50920603C15007CE855 /* DropShadow.swift in Sources */ = {isa = PBXBuildFile; fileRef = DCFBA50820603C15007CE855 /* DropShadow.swift */; };
		DCFBA50B20607E29007CE855 /* HeaderView.swift in Sources */ = {isa = PBXBuildFile; fileRef = DCFBA50A20607E29007CE855 /* HeaderView.swift */; };
		DCFBA50D20608815007CE855 /* Taco.swift in Sources */ = {isa = PBXBuildFile; fileRef = DCFBA50C20608815007CE855 /* Taco.swift */; };
		DCFBA50F20608F5B007CE855 /* DeviceService.swift in Sources */ = {isa = PBXBuildFile; fileRef = DCFBA50E20608F5B007CE855 /* DeviceService.swift */; };
		DCFBA51220609610007CE855 /* TacoCell.swift in Sources */ = {isa = PBXBuildFile; fileRef = DCFBA51020609610007CE855 /* TacoCell.swift */; };
		DCFBA51320609610007CE855 /* TacoCell.xib in Resources */ = {isa = PBXBuildFile; fileRef = DCFBA51120609610007CE855 /* TacoCell.xib */; };
		DCFBA51520609DD1007CE855 /* ReusableView.swift in Sources */ = {isa = PBXBuildFile; fileRef = DCFBA51420609DD1007CE855 /* ReusableView.swift */; };
		DCFBA5172060A373007CE855 /* NibLoadebleView.swift in Sources */ = {isa = PBXBuildFile; fileRef = DCFBA5162060A373007CE855 /* NibLoadebleView.swift */; };
		DCFBA5192060A43D007CE855 /* UICollectionViewExt.swift in Sources */ = {isa = PBXBuildFile; fileRef = DCFBA5182060A43D007CE855 /* UICollectionViewExt.swift */; };
		DCFBA51B2060CBDA007CE855 /* MutableCollectionExt.swift in Sources */ = {isa = PBXBuildFile; fileRef = DCFBA51A2060CBDA007CE855 /* MutableCollectionExt.swift */; };
/* End PBXBuildFile section */

/* Begin PBXFileReference section */
		DCFBA4E9206036D5007CE855 /* TacoPop.app */ = {isa = PBXFileReference; explicitFileType = wrapper.application; includeInIndex = 0; path = TacoPop.app; sourceTree = BUILT_PRODUCTS_DIR; };
		DCFBA4EC206036D5007CE855 /* AppDelegate.swift */ = {isa = PBXFileReference; lastKnownFileType = sourcecode.swift; path = AppDelegate.swift; sourceTree = "<group>"; };
		DCFBA4F1206036D5007CE855 /* Base */ = {isa = PBXFileReference; lastKnownFileType = file.storyboard; name = Base; path = Base.lproj/Main.storyboard; sourceTree = "<group>"; };
		DCFBA4F3206036D5007CE855 /* Assets.xcassets */ = {isa = PBXFileReference; lastKnownFileType = folder.assetcatalog; path = Assets.xcassets; sourceTree = "<group>"; };
		DCFBA4F6206036D5007CE855 /* Base */ = {isa = PBXFileReference; lastKnownFileType = file.storyboard; name = Base; path = Base.lproj/LaunchScreen.storyboard; sourceTree = "<group>"; };
		DCFBA4F8206036D5007CE855 /* Info.plist */ = {isa = PBXFileReference; lastKnownFileType = text.plist.xml; path = Info.plist; sourceTree = "<group>"; };
		DCFBA5042060378E007CE855 /* MainVC.swift */ = {isa = PBXFileReference; lastKnownFileType = sourcecode.swift; path = MainVC.swift; sourceTree = "<group>"; };
		DCFBA50820603C15007CE855 /* DropShadow.swift */ = {isa = PBXFileReference; lastKnownFileType = sourcecode.swift; path = DropShadow.swift; sourceTree = "<group>"; };
		DCFBA50A20607E29007CE855 /* HeaderView.swift */ = {isa = PBXFileReference; lastKnownFileType = sourcecode.swift; path = HeaderView.swift; sourceTree = "<group>"; };
		DCFBA50C20608815007CE855 /* Taco.swift */ = {isa = PBXFileReference; lastKnownFileType = sourcecode.swift; path = Taco.swift; sourceTree = "<group>"; };
		DCFBA50E20608F5B007CE855 /* DeviceService.swift */ = {isa = PBXFileReference; lastKnownFileType = sourcecode.swift; path = DeviceService.swift; sourceTree = "<group>"; };
		DCFBA51020609610007CE855 /* TacoCell.swift */ = {isa = PBXFileReference; lastKnownFileType = sourcecode.swift; path = TacoCell.swift; sourceTree = "<group>"; };
		DCFBA51120609610007CE855 /* TacoCell.xib */ = {isa = PBXFileReference; lastKnownFileType = file.xib; path = TacoCell.xib; sourceTree = "<group>"; };
		DCFBA51420609DD1007CE855 /* ReusableView.swift */ = {isa = PBXFileReference; lastKnownFileType = sourcecode.swift; path = ReusableView.swift; sourceTree = "<group>"; };
		DCFBA5162060A373007CE855 /* NibLoadebleView.swift */ = {isa = PBXFileReference; lastKnownFileType = sourcecode.swift; path = NibLoadebleView.swift; sourceTree = "<group>"; };
		DCFBA5182060A43D007CE855 /* UICollectionViewExt.swift */ = {isa = PBXFileReference; lastKnownFileType = sourcecode.swift; path = UICollectionViewExt.swift; sourceTree = "<group>"; };
		DCFBA51A2060CBDA007CE855 /* MutableCollectionExt.swift */ = {isa = PBXFileReference; lastKnownFileType = sourcecode.swift; path = MutableCollectionExt.swift; sourceTree = "<group>"; };
/* End PBXFileReference section */

/* Begin PBXFrameworksBuildPhase section */
		DCFBA4E6206036D5007CE855 /* Frameworks */ = {
			isa = PBXFrameworksBuildPhase;
			buildActionMask = 2147483647;
			files = (
			);
			runOnlyForDeploymentPostprocessing = 0;
		};
/* End PBXFrameworksBuildPhase section */

/* Begin PBXGroup section */
		DCFBA4E0206036D5007CE855 = {
			isa = PBXGroup;
			children = (
				DCFBA4EB206036D5007CE855 /* TacoPop */,
				DCFBA4EA206036D5007CE855 /* Products */,
			);
			sourceTree = "<group>";
		};
		DCFBA4EA206036D5007CE855 /* Products */ = {
			isa = PBXGroup;
			children = (
				DCFBA4E9206036D5007CE855 /* TacoPop.app */,
			);
			name = Products;
			sourceTree = "<group>";
		};
		DCFBA4EB206036D5007CE855 /* TacoPop */ = {
			isa = PBXGroup;
			children = (
				DCFBA5032060371D007CE855 /* Protocols */,
				DCFBA5022060370C007CE855 /* Extensions */,
				DCFBA501206036FF007CE855 /* Controller */,
				DCFBA500206036F7007CE855 /* View */,
				DCFBA4FF206036F1007CE855 /* Model */,
				DCFBA4FE206036E2007CE855 /* Resources */,
			);
			path = TacoPop;
			sourceTree = "<group>";
		};
		DCFBA4FE206036E2007CE855 /* Resources */ = {
			isa = PBXGroup;
			children = (
				DCFBA4F3206036D5007CE855 /* Assets.xcassets */,
				DCFBA4F8206036D5007CE855 /* Info.plist */,
			);
			path = Resources;
			sourceTree = "<group>";
		};
		DCFBA4FF206036F1007CE855 /* Model */ = {
			isa = PBXGroup;
			children = (
				DCFBA50C20608815007CE855 /* Taco.swift */,
				DCFBA50E20608F5B007CE855 /* DeviceService.swift */,
			);
			path = Model;
			sourceTree = "<group>";
		};
		DCFBA500206036F7007CE855 /* View */ = {
			isa = PBXGroup;
			children = (
				DCFBA4F5206036D5007CE855 /* LaunchScreen.storyboard */,
				DCFBA4F0206036D5007CE855 /* Main.storyboard */,
				DCFBA50A20607E29007CE855 /* HeaderView.swift */,
				DCFBA51020609610007CE855 /* TacoCell.swift */,
				DCFBA51120609610007CE855 /* TacoCell.xib */,
			);
			path = View;
			sourceTree = "<group>";
		};
		DCFBA501206036FF007CE855 /* Controller */ = {
			isa = PBXGroup;
			children = (
				DCFBA4EC206036D5007CE855 /* AppDelegate.swift */,
				DCFBA5042060378E007CE855 /* MainVC.swift */,
			);
			path = Controller;
			sourceTree = "<group>";
		};
		DCFBA5022060370C007CE855 /* Extensions */ = {
			isa = PBXGroup;
			children = (
				DCFBA5182060A43D007CE855 /* UICollectionViewExt.swift */,
				DCFBA51A2060CBDA007CE855 /* MutableCollectionExt.swift */,
			);
			path = Extensions;
			sourceTree = "<group>";
		};
		DCFBA5032060371D007CE855 /* Protocols */ = {
			isa = PBXGroup;
			children = (
				DCFBA50820603C15007CE855 /* DropShadow.swift */,
				DCFBA51420609DD1007CE855 /* ReusableView.swift */,
				DCFBA5162060A373007CE855 /* NibLoadebleView.swift */,
			);
			path = Protocols;
			sourceTree = "<group>";
		};
/* End PBXGroup section */

/* Begin PBXNativeTarget section */
		DCFBA4E8206036D5007CE855 /* TacoPop */ = {
			isa = PBXNativeTarget;
			buildConfigurationList = DCFBA4FB206036D5007CE855 /* Build configuration list for PBXNativeTarget "TacoPop" */;
			buildPhases = (
				DCFBA4E5206036D5007CE855 /* Sources */,
				DCFBA4E6206036D5007CE855 /* Frameworks */,
				DCFBA4E7206036D5007CE855 /* Resources */,
			);
			buildRules = (
			);
			dependencies = (
			);
			name = TacoPop;
			productName = TacoPop;
			productReference = DCFBA4E9206036D5007CE855 /* TacoPop.app */;
			productType = "com.apple.product-type.application";
		};
/* End PBXNativeTarget section */

/* Begin PBXProject section */
		DCFBA4E1206036D5007CE855 /* Project object */ = {
			isa = PBXProject;
			attributes = {
				LastSwiftUpdateCheck = 0920;
				LastUpgradeCheck = 0920;
				ORGANIZATIONNAME = "Aleksei Degtiarev";
				TargetAttributes = {
					DCFBA4E8206036D5007CE855 = {
						CreatedOnToolsVersion = 9.2;
						ProvisioningStyle = Automatic;
					};
				};
			};
			buildConfigurationList = DCFBA4E4206036D5007CE855 /* Build configuration list for PBXProject "TacoPop" */;
			compatibilityVersion = "Xcode 8.0";
			developmentRegion = en;
			hasScannedForEncodings = 0;
			knownRegions = (
				en,
				Base,
			);
			mainGroup = DCFBA4E0206036D5007CE855;
			productRefGroup = DCFBA4EA206036D5007CE855 /* Products */;
			projectDirPath = "";
			projectRoot = "";
			targets = (
				DCFBA4E8206036D5007CE855 /* TacoPop */,
			);
		};
/* End PBXProject section */

/* Begin PBXResourcesBuildPhase section */
		DCFBA4E7206036D5007CE855 /* Resources */ = {
			isa = PBXResourcesBuildPhase;
			buildActionMask = 2147483647;
			files = (
				DCFBA51320609610007CE855 /* TacoCell.xib in Resources */,
				DCFBA4F7206036D5007CE855 /* LaunchScreen.storyboard in Resources */,
				DCFBA4F4206036D5007CE855 /* Assets.xcassets in Resources */,
				DCFBA4F2206036D5007CE855 /* Main.storyboard in Resources */,
			);
			runOnlyForDeploymentPostprocessing = 0;
		};
/* End PBXResourcesBuildPhase section */

/* Begin PBXSourcesBuildPhase section */
		DCFBA4E5206036D5007CE855 /* Sources */ = {
			isa = PBXSourcesBuildPhase;
			buildActionMask = 2147483647;
			files = (
				DCFBA5172060A373007CE855 /* NibLoadebleView.swift in Sources */,
				DCFBA51220609610007CE855 /* TacoCell.swift in Sources */,
				DCFBA5192060A43D007CE855 /* UICollectionViewExt.swift in Sources */,
				DCFBA4ED206036D5007CE855 /* AppDelegate.swift in Sources */,
				DCFBA50920603C15007CE855 /* DropShadow.swift in Sources */,
				DCFBA51B2060CBDA007CE855 /* MutableCollectionExt.swift in Sources */,
				DCFBA51520609DD1007CE855 /* ReusableView.swift in Sources */,
				DCFBA5052060378E007CE855 /* MainVC.swift in Sources */,
				DCFBA50D20608815007CE855 /* Taco.swift in Sources */,
				DCFBA50B20607E29007CE855 /* HeaderView.swift in Sources */,
				DCFBA50F20608F5B007CE855 /* DeviceService.swift in Sources */,
			);
			runOnlyForDeploymentPostprocessing = 0;
		};
/* End PBXSourcesBuildPhase section */

/* Begin PBXVariantGroup section */
		DCFBA4F0206036D5007CE855 /* Main.storyboard */ = {
			isa = PBXVariantGroup;
			children = (
				DCFBA4F1206036D5007CE855 /* Base */,
			);
			name = Main.storyboard;
			sourceTree = "<group>";
		};
		DCFBA4F5206036D5007CE855 /* LaunchScreen.storyboard */ = {
			isa = PBXVariantGroup;
			children = (
				DCFBA4F6206036D5007CE855 /* Base */,
			);
			name = LaunchScreen.storyboard;
			sourceTree = "<group>";
		};
/* End PBXVariantGroup section */

/* Begin XCBuildConfiguration section */
		DCFBA4F9206036D5007CE855 /* Debug */ = {
			isa = XCBuildConfiguration;
			buildSettings = {
				ALWAYS_SEARCH_USER_PATHS = NO;
				CLANG_ANALYZER_NONNULL = YES;
				CLANG_ANALYZER_NUMBER_OBJECT_CONVERSION = YES_AGGRESSIVE;
				CLANG_CXX_LANGUAGE_STANDARD = "gnu++14";
				CLANG_CXX_LIBRARY = "libc++";
				CLANG_ENABLE_MODULES = YES;
				CLANG_ENABLE_OBJC_ARC = YES;
				CLANG_WARN_BLOCK_CAPTURE_AUTORELEASING = YES;
				CLANG_WARN_BOOL_CONVERSION = YES;
				CLANG_WARN_COMMA = YES;
				CLANG_WARN_CONSTANT_CONVERSION = YES;
				CLANG_WARN_DIRECT_OBJC_ISA_USAGE = YES_ERROR;
				CLANG_WARN_DOCUMENTATION_COMMENTS = YES;
				CLANG_WARN_EMPTY_BODY = YES;
				CLANG_WARN_ENUM_CONVERSION = YES;
				CLANG_WARN_INFINITE_RECURSION = YES;
				CLANG_WARN_INT_CONVERSION = YES;
				CLANG_WARN_NON_LITERAL_NULL_CONVERSION = YES;
				CLANG_WARN_OBJC_LITERAL_CONVERSION = YES;
				CLANG_WARN_OBJC_ROOT_CLASS = YES_ERROR;
				CLANG_WARN_RANGE_LOOP_ANALYSIS = YES;
				CLANG_WARN_STRICT_PROTOTYPES = YES;
				CLANG_WARN_SUSPICIOUS_MOVE = YES;
				CLANG_WARN_UNGUARDED_AVAILABILITY = YES_AGGRESSIVE;
				CLANG_WARN_UNREACHABLE_CODE = YES;
				CLANG_WARN__DUPLICATE_METHOD_MATCH = YES;
				CODE_SIGN_IDENTITY = "iPhone Developer";
				COPY_PHASE_STRIP = NO;
				DEBUG_INFORMATION_FORMAT = dwarf;
				ENABLE_STRICT_OBJC_MSGSEND = YES;
				ENABLE_TESTABILITY = YES;
				GCC_C_LANGUAGE_STANDARD = gnu11;
				GCC_DYNAMIC_NO_PIC = NO;
				GCC_NO_COMMON_BLOCKS = YES;
				GCC_OPTIMIZATION_LEVEL = 0;
				GCC_PREPROCESSOR_DEFINITIONS = (
					"DEBUG=1",
					"$(inherited)",
				);
				GCC_WARN_64_TO_32_BIT_CONVERSION = YES;
				GCC_WARN_ABOUT_RETURN_TYPE = YES_ERROR;
				GCC_WARN_UNDECLARED_SELECTOR = YES;
				GCC_WARN_UNINITIALIZED_AUTOS = YES_AGGRESSIVE;
				GCC_WARN_UNUSED_FUNCTION = YES;
				GCC_WARN_UNUSED_VARIABLE = YES;
				IPHONEOS_DEPLOYMENT_TARGET = 11.2;
				MTL_ENABLE_DEBUG_INFO = YES;
				ONLY_ACTIVE_ARCH = YES;
				SDKROOT = iphoneos;
				SWIFT_ACTIVE_COMPILATION_CONDITIONS = DEBUG;
				SWIFT_OPTIMIZATION_LEVEL = "-Onone";
			};
			name = Debug;
		};
		DCFBA4FA206036D5007CE855 /* Release */ = {
			isa = XCBuildConfiguration;
			buildSettings = {
				ALWAYS_SEARCH_USER_PATHS = NO;
				CLANG_ANALYZER_NONNULL = YES;
				CLANG_ANALYZER_NUMBER_OBJECT_CONVERSION = YES_AGGRESSIVE;
				CLANG_CXX_LANGUAGE_STANDARD = "gnu++14";
				CLANG_CXX_LIBRARY = "libc++";
				CLANG_ENABLE_MODULES = YES;
				CLANG_ENABLE_OBJC_ARC = YES;
				CLANG_WARN_BLOCK_CAPTURE_AUTORELEASING = YES;
				CLANG_WARN_BOOL_CONVERSION = YES;
				CLANG_WARN_COMMA = YES;
				CLANG_WARN_CONSTANT_CONVERSION = YES;
				CLANG_WARN_DIRECT_OBJC_ISA_USAGE = YES_ERROR;
				CLANG_WARN_DOCUMENTATION_COMMENTS = YES;
				CLANG_WARN_EMPTY_BODY = YES;
				CLANG_WARN_ENUM_CONVERSION = YES;
				CLANG_WARN_INFINITE_RECURSION = YES;
				CLANG_WARN_INT_CONVERSION = YES;
				CLANG_WARN_NON_LITERAL_NULL_CONVERSION = YES;
				CLANG_WARN_OBJC_LITERAL_CONVERSION = YES;
				CLANG_WARN_OBJC_ROOT_CLASS = YES_ERROR;
				CLANG_WARN_RANGE_LOOP_ANALYSIS = YES;
				CLANG_WARN_STRICT_PROTOTYPES = YES;
				CLANG_WARN_SUSPICIOUS_MOVE = YES;
				CLANG_WARN_UNGUARDED_AVAILABILITY = YES_AGGRESSIVE;
				CLANG_WARN_UNREACHABLE_CODE = YES;
				CLANG_WARN__DUPLICATE_METHOD_MATCH = YES;
				CODE_SIGN_IDENTITY = "iPhone Developer";
				COPY_PHASE_STRIP = NO;
				DEBUG_INFORMATION_FORMAT = "dwarf-with-dsym";
				ENABLE_NS_ASSERTIONS = NO;
				ENABLE_STRICT_OBJC_MSGSEND = YES;
				GCC_C_LANGUAGE_STANDARD = gnu11;
				GCC_NO_COMMON_BLOCKS = YES;
				GCC_WARN_64_TO_32_BIT_CONVERSION = YES;
				GCC_WARN_ABOUT_RETURN_TYPE = YES_ERROR;
				GCC_WARN_UNDECLARED_SELECTOR = YES;
				GCC_WARN_UNINITIALIZED_AUTOS = YES_AGGRESSIVE;
				GCC_WARN_UNUSED_FUNCTION = YES;
				GCC_WARN_UNUSED_VARIABLE = YES;
				IPHONEOS_DEPLOYMENT_TARGET = 11.2;
				MTL_ENABLE_DEBUG_INFO = NO;
				SDKROOT = iphoneos;
				SWIFT_OPTIMIZATION_LEVEL = "-Owholemodule";
				VALIDATE_PRODUCT = YES;
			};
			name = Release;
		};
		DCFBA4FC206036D5007CE855 /* Debug */ = {
			isa = XCBuildConfiguration;
			buildSettings = {
				ASSETCATALOG_COMPILER_APPICON_NAME = AppIcon;
				CODE_SIGN_STYLE = Automatic;
				DEVELOPMENT_TEAM = Z8822C26BQ;
				INFOPLIST_FILE = "$(SRCROOT)/TacoPop/Resources/Info.plist";
				LD_RUNPATH_SEARCH_PATHS = "$(inherited) @executable_path/Frameworks";
				PRODUCT_BUNDLE_IDENTIFIER = delexa.TacoPop;
				PRODUCT_NAME = "$(TARGET_NAME)";
				SWIFT_VERSION = 4.0;
				TARGETED_DEVICE_FAMILY = "1,2";
			};
			name = Debug;
		};
		DCFBA4FD206036D5007CE855 /* Release */ = {
			isa = XCBuildConfiguration;
			buildSettings = {
				ASSETCATALOG_COMPILER_APPICON_NAME = AppIcon;
				CODE_SIGN_STYLE = Automatic;
				DEVELOPMENT_TEAM = Z8822C26BQ;
				INFOPLIST_FILE = "$(SRCROOT)/TacoPop/Resources/Info.plist";
				LD_RUNPATH_SEARCH_PATHS = "$(inherited) @executable_path/Frameworks";
				PRODUCT_BUNDLE_IDENTIFIER = delexa.TacoPop;
				PRODUCT_NAME = "$(TARGET_NAME)";
				SWIFT_VERSION = 4.0;
				TARGETED_DEVICE_FAMILY = "1,2";
			};
			name = Release;
		};
/* End XCBuildConfiguration section */

/* Begin XCConfigurationList section */
		DCFBA4E4206036D5007CE855 /* Build configuration list for PBXProject "TacoPop" */ = {
			isa = XCConfigurationList;
			buildConfigurations = (
				DCFBA4F9206036D5007CE855 /* Debug */,
				DCFBA4FA206036D5007CE855 /* Release */,
			);
			defaultConfigurationIsVisible = 0;
			defaultConfigurationName = Release;
		};
		DCFBA4FB206036D5007CE855 /* Build configuration list for PBXNativeTarget "TacoPop" */ = {
			isa = XCConfigurationList;
			buildConfigurations = (
				DCFBA4FC206036D5007CE855 /* Debug */,
				DCFBA4FD206036D5007CE855 /* Release */,
			);
			defaultConfigurationIsVisible = 0;
			defaultConfigurationName = Release;
		};
/* End XCConfigurationList section */
	};
	rootObject = DCFBA4E1206036D5007CE855 /* Project object */;
}
